
Microsoft Visual Studio Solution File, Format Version 12.00
# Visual Studio 2012
Project("{FAE04EC0-301F-11D3-BF4B-00C04F79EFBC}") = "FinalGameDemo", "FinalGameDemo\FinalGameDemo.csproj", "{50DEE359-E4D4-4B31-BCEC-21E3048F1A7F}"
EndProject
Global
	GlobalSection(SolutionConfigurationPlatforms) = preSolution
		Debug|x86 = Debug|x86
		Release|x86 = Release|x86
	EndGlobalSection
	GlobalSection(ProjectConfigurationPlatforms) = postSolution
		{50DEE359-E4D4-4B31-BCEC-21E3048F1A7F}.Debug|x86.ActiveCfg = Debug|x86
		{50DEE359-E4D4-4B31-BCEC-21E3048F1A7F}.Debug|x86.Build.0 = Debug|x86
		{50DEE359-E4D4-4B31-BCEC-21E3048F1A7F}.Release|x86.ActiveCfg = Release|x86
		{50DEE359-E4D4-4B31-BCEC-21E3048F1A7F}.Release|x86.Build.0 = Release|x86
	EndGlobalSection
	GlobalSection(SolutionProperties) = preSolution
		HideSolutionNode = FALSE
	EndGlobalSection
EndGlobal
